// !$*UTF8*$!
{
	archiveVersion = 1;
	classes = {
	};
	objectVersion = 56;
	objects = {

/* Begin PBXBuildFile section */
		5918573D2904A20A001EF243 /* MovieViewModel.swift in Sources */ = {isa = PBXBuildFile; fileRef = 5918573C2904A20A001EF243 /* MovieViewModel.swift */; };
		5918573F2905CF9A001EF243 /* DetailView.swift in Sources */ = {isa = PBXBuildFile; fileRef = 5918573E2905CF9A001EF243 /* DetailView.swift */; };
		5983FD732909A5E600142CE8 /* Extensions.swift in Sources */ = {isa = PBXBuildFile; fileRef = 5983FD722909A5E600142CE8 /* Extensions.swift */; };
		59930CF328FDBC8600AE3085 /* MovieBrowserSwiftUIApp.swift in Sources */ = {isa = PBXBuildFile; fileRef = 59930CF228FDBC8600AE3085 /* MovieBrowserSwiftUIApp.swift */; };
		59930CF528FDBC8600AE3085 /* ContentView.swift in Sources */ = {isa = PBXBuildFile; fileRef = 59930CF428FDBC8600AE3085 /* ContentView.swift */; };
		59930CF728FDBC8700AE3085 /* Assets.xcassets in Resources */ = {isa = PBXBuildFile; fileRef = 59930CF628FDBC8700AE3085 /* Assets.xcassets */; };
		59930CFA28FDBC8700AE3085 /* Preview Assets.xcassets in Resources */ = {isa = PBXBuildFile; fileRef = 59930CF928FDBC8700AE3085 /* Preview Assets.xcassets */; };
		59930D0228FDBD0800AE3085 /*  Movie.swift in Sources */ = {isa = PBXBuildFile; fileRef = 59930D0128FDBD0800AE3085 /*  Movie.swift */; };
		59930D0528FDBDF600AE3085 /* Network.swift in Sources */ = {isa = PBXBuildFile; fileRef = 59930D0428FDBDF600AE3085 /* Network.swift */; };
/* End PBXBuildFile section */

/* Begin PBXFileReference section */
		5918573C2904A20A001EF243 /* MovieViewModel.swift */ = {isa = PBXFileReference; lastKnownFileType = sourcecode.swift; path = MovieViewModel.swift; sourceTree = "<group>"; };
		5918573E2905CF9A001EF243 /* DetailView.swift */ = {isa = PBXFileReference; lastKnownFileType = sourcecode.swift; path = DetailView.swift; sourceTree = "<group>"; };
		5983FD722909A5E600142CE8 /* Extensions.swift */ = {isa = PBXFileReference; lastKnownFileType = sourcecode.swift; path = Extensions.swift; sourceTree = "<group>"; };
		59930CEF28FDBC8600AE3085 /* MovieBrowserSwiftUI.app */ = {isa = PBXFileReference; explicitFileType = wrapper.application; includeInIndex = 0; path = MovieBrowserSwiftUI.app; sourceTree = BUILT_PRODUCTS_DIR; };
		59930CF228FDBC8600AE3085 /* MovieBrowserSwiftUIApp.swift */ = {isa = PBXFileReference; lastKnownFileType = sourcecode.swift; path = MovieBrowserSwiftUIApp.swift; sourceTree = "<group>"; };
		59930CF428FDBC8600AE3085 /* ContentView.swift */ = {isa = PBXFileReference; lastKnownFileType = sourcecode.swift; path = ContentView.swift; sourceTree = "<group>"; };
		59930CF628FDBC8700AE3085 /* Assets.xcassets */ = {isa = PBXFileReference; lastKnownFileType = folder.assetcatalog; path = Assets.xcassets; sourceTree = "<group>"; };
		59930CF928FDBC8700AE3085 /* Preview Assets.xcassets */ = {isa = PBXFileReference; lastKnownFileType = folder.assetcatalog; path = "Preview Assets.xcassets"; sourceTree = "<group>"; };
		59930D0128FDBD0800AE3085 /*  Movie.swift */ = {isa = PBXFileReference; lastKnownFileType = sourcecode.swift; path = " Movie.swift"; sourceTree = "<group>"; };
		59930D0428FDBDF600AE3085 /* Network.swift */ = {isa = PBXFileReference; lastKnownFileType = sourcecode.swift; path = Network.swift; sourceTree = "<group>"; };
/* End PBXFileReference section */

/* Begin PBXFrameworksBuildPhase section */
		59930CEC28FDBC8600AE3085 /* Frameworks */ = {
			isa = PBXFrameworksBuildPhase;
			buildActionMask = 2147483647;
			files = (
			);
			runOnlyForDeploymentPostprocessing = 0;
		};
/* End PBXFrameworksBuildPhase section */

/* Begin PBXGroup section */
		59930CE628FDBC8600AE3085 = {
			isa = PBXGroup;
			children = (
				59930CF128FDBC8600AE3085 /* MovieBrowserSwiftUI */,
				59930CF028FDBC8600AE3085 /* Products */,
			);
			sourceTree = "<group>";
		};
		59930CF028FDBC8600AE3085 /* Products */ = {
			isa = PBXGroup;
			children = (
				59930CEF28FDBC8600AE3085 /* MovieBrowserSwiftUI.app */,
			);
			name = Products;
			sourceTree = "<group>";
		};
		59930CF128FDBC8600AE3085 /* MovieBrowserSwiftUI */ = {
			isa = PBXGroup;
			children = (
				59930CF228FDBC8600AE3085 /* MovieBrowserSwiftUIApp.swift */,
				59930CF428FDBC8600AE3085 /* ContentView.swift */,
				5918573E2905CF9A001EF243 /* DetailView.swift */,
				5983FD722909A5E600142CE8 /* Extensions.swift */,
				5918573C2904A20A001EF243 /* MovieViewModel.swift */,
				59930D0028FDBCC900AE3085 /* Model */,
				59930CF628FDBC8700AE3085 /* Assets.xcassets */,
				59930CF828FDBC8700AE3085 /* Preview Content */,
			);
			path = MovieBrowserSwiftUI;
			sourceTree = "<group>";
		};
		59930CF828FDBC8700AE3085 /* Preview Content */ = {
			isa = PBXGroup;
			children = (
				59930CF928FDBC8700AE3085 /* Preview Assets.xcassets */,
			);
			path = "Preview Content";
			sourceTree = "<group>";
		};
		59930D0028FDBCC900AE3085 /* Model */ = {
			isa = PBXGroup;
			children = (
				59930D0128FDBD0800AE3085 /*  Movie.swift */,
				59930D0328FDBDE000AE3085 /* Network */,
			);
			path = Model;
			sourceTree = "<group>";
		};
		59930D0328FDBDE000AE3085 /* Network */ = {
			isa = PBXGroup;
			children = (
				59930D0428FDBDF600AE3085 /* Network.swift */,
			);
			path = Network;
			sourceTree = "<group>";
		};
/* End PBXGroup section */

/* Begin PBXNativeTarget section */
		59930CEE28FDBC8600AE3085 /* MovieBrowserSwiftUI */ = {
			isa = PBXNativeTarget;
			buildConfigurationList = 59930CFD28FDBC8700AE3085 /* Build configuration list for PBXNativeTarget "MovieBrowserSwiftUI" */;
			buildPhases = (
				59930CEB28FDBC8600AE3085 /* Sources */,
				59930CEC28FDBC8600AE3085 /* Frameworks */,
				59930CED28FDBC8600AE3085 /* Resources */,
			);
			buildRules = (
			);
			dependencies = (
			);
			name = MovieBrowserSwiftUI;
			productName = MovieBrowserSwiftUI;
			productReference = 59930CEF28FDBC8600AE3085 /* MovieBrowserSwiftUI.app */;
			productType = "com.apple.product-type.application";
		};
/* End PBXNativeTarget section */

/* Begin PBXProject section */
		59930CE728FDBC8600AE3085 /* Project object */ = {
			isa = PBXProject;
			attributes = {
				BuildIndependentTargetsInParallel = 1;
				LastSwiftUpdateCheck = 1400;
				LastUpgradeCheck = 1400;
				TargetAttributes = {
					59930CEE28FDBC8600AE3085 = {
						CreatedOnToolsVersion = 14.0.1;
					};
				};
			};
			buildConfigurationList = 59930CEA28FDBC8600AE3085 /* Build configuration list for PBXProject "MovieBrowserSwiftUI" */;
			compatibilityVersion = "Xcode 14.0";
			developmentRegion = en;
			hasScannedForEncodings = 0;
			knownRegions = (
				en,
				Base,
			);
			mainGroup = 59930CE628FDBC8600AE3085;
			productRefGroup = 59930CF028FDBC8600AE3085 /* Products */;
			projectDirPath = "";
			projectRoot = "";
			targets = (
				59930CEE28FDBC8600AE3085 /* MovieBrowserSwiftUI */,
			);
		};
/* End PBXProject section */

/* Begin PBXResourcesBuildPhase section */
		59930CED28FDBC8600AE3085 /* Resources */ = {
			isa = PBXResourcesBuildPhase;
			buildActionMask = 2147483647;
			files = (
				59930CFA28FDBC8700AE3085 /* Preview Assets.xcassets in Resources */,
				59930CF728FDBC8700AE3085 /* Assets.xcassets in Resources */,
			);
			runOnlyForDeploymentPostprocessing = 0;
		};
/* End PBXResourcesBuildPhase section */

/* Begin PBXSourcesBuildPhase section */
		59930CEB28FDBC8600AE3085 /* Sources */ = {
			isa = PBXSourcesBuildPhase;
			buildActionMask = 2147483647;
			files = (
				59930CF528FDBC8600AE3085 /* ContentView.swift in Sources */,
				5918573F2905CF9A001EF243 /* DetailView.swift in Sources */,
				59930CF328FDBC8600AE3085 /* MovieBrowserSwiftUIApp.swift in Sources */,
				59930D0528FDBDF600AE3085 /* Network.swift in Sources */,
				59930D0228FDBD0800AE3085 /*  Movie.swift in Sources */,
				5918573D2904A20A001EF243 /* MovieViewModel.swift in Sources */,
				5983FD732909A5E600142CE8 /* Extensions.swift in Sources */,
			);
			runOnlyForDeploymentPostprocessing = 0;
		};
/* End PBXSourcesBuildPhase section */

/* Begin XCBuildConfiguration section */
		59930CFB28FDBC8700AE3085 /* Debug */ = {
			isa = XCBuildConfiguration;
			buildSettings = {
				ALWAYS_SEARCH_USER_PATHS = NO;
				CLANG_ANALYZER_NONNULL = YES;
				CLANG_ANALYZER_NUMBER_OBJECT_CONVERSION = YES_AGGRESSIVE;
				CLANG_CXX_LANGUAGE_STANDARD = "gnu++20";
				CLANG_ENABLE_MODULES = YES;
				CLANG_ENABLE_OBJC_ARC = YES;
				CLANG_ENABLE_OBJC_WEAK = YES;
				CLANG_WARN_BLOCK_CAPTURE_AUTORELEASING = YES;
				CLANG_WARN_BOOL_CONVERSION = YES;
				CLANG_WARN_COMMA = YES;
				CLANG_WARN_CONSTANT_CONVERSION = YES;
				CLANG_WARN_DEPRECATED_OBJC_IMPLEMENTATIONS = YES;
				CLANG_WARN_DIRECT_OBJC_ISA_USAGE = YES_ERROR;
				CLANG_WARN_DOCUMENTATION_COMMENTS = YES;
				CLANG_WARN_EMPTY_BODY = YES;
				CLANG_WARN_ENUM_CONVERSION = YES;
				CLANG_WARN_INFINITE_RECURSION = YES;
				CLANG_WARN_INT_CONVERSION = YES;
				CLANG_WARN_NON_LITERAL_NULL_CONVERSION = YES;
				CLANG_WARN_OBJC_IMPLICIT_RETAIN_SELF = YES;
				CLANG_WARN_OBJC_LITERAL_CONVERSION = YES;
				CLANG_WARN_OBJC_ROOT_CLASS = YES_ERROR;
				CLANG_WARN_QUOTED_INCLUDE_IN_FRAMEWORK_HEADER = YES;
				CLANG_WARN_RANGE_LOOP_ANALYSIS = YES;
				CLANG_WARN_STRICT_PROTOTYPES = YES;
				CLANG_WARN_SUSPICIOUS_MOVE = YES;
				CLANG_WARN_UNGUARDED_AVAILABILITY = YES_AGGRESSIVE;
				CLANG_WARN_UNREACHABLE_CODE = YES;
				CLANG_WARN__DUPLICATE_METHOD_MATCH = YES;
				COPY_PHASE_STRIP = NO;
				DEBUG_INFORMATION_FORMAT = dwarf;
				ENABLE_STRICT_OBJC_MSGSEND = YES;
				ENABLE_TESTABILITY = YES;
				GCC_C_LANGUAGE_STANDARD = gnu11;
				GCC_DYNAMIC_NO_PIC = NO;
				GCC_NO_COMMON_BLOCKS = YES;
				GCC_OPTIMIZATION_LEVEL = 0;
				GCC_PREPROCESSOR_DEFINITIONS = (
					"DEBUG=1",
					"$(inherited)",
				);
				GCC_WARN_64_TO_32_BIT_CONVERSION = YES;
				GCC_WARN_ABOUT_RETURN_TYPE = YES_ERROR;
				GCC_WARN_UNDECLARED_SELECTOR = YES;
				GCC_WARN_UNINITIALIZED_AUTOS = YES_AGGRESSIVE;
				GCC_WARN_UNUSED_FUNCTION = YES;
				GCC_WARN_UNUSED_VARIABLE = YES;
				IPHONEOS_DEPLOYMENT_TARGET = 16.0;
				MTL_ENABLE_DEBUG_INFO = INCLUDE_SOURCE;
				MTL_FAST_MATH = YES;
				ONLY_ACTIVE_ARCH = YES;
				SDKROOT = iphoneos;
				SWIFT_ACTIVE_COMPILATION_CONDITIONS = DEBUG;
				SWIFT_OPTIMIZATION_LEVEL = "-Onone";
			};
			name = Debug;
		};
		59930CFC28FDBC8700AE3085 /* Release */ = {
			isa = XCBuildConfiguration;
			buildSettings = {
				ALWAYS_SEARCH_USER_PATHS = NO;
				CLANG_ANALYZER_NONNULL = YES;
				CLANG_ANALYZER_NUMBER_OBJECT_CONVERSION = YES_AGGRESSIVE;
				CLANG_CXX_LANGUAGE_STANDARD = "gnu++20";
				CLANG_ENABLE_MODULES = YES;
				CLANG_ENABLE_OBJC_ARC = YES;
				CLANG_ENABLE_OBJC_WEAK = YES;
				CLANG_WARN_BLOCK_CAPTURE_AUTORELEASING = YES;
				CLANG_WARN_BOOL_CONVERSION = YES;
				CLANG_WARN_COMMA = YES;
				CLANG_WARN_CONSTANT_CONVERSION = YES;
				CLANG_WARN_DEPRECATED_OBJC_IMPLEMENTATIONS = YES;
				CLANG_WARN_DIRECT_OBJC_ISA_USAGE = YES_ERROR;
				CLANG_WARN_DOCUMENTATION_COMMENTS = YES;
				CLANG_WARN_EMPTY_BODY = YES;
				CLANG_WARN_ENUM_CONVERSION = YES;
				CLANG_WARN_INFINITE_RECURSION = YES;
				CLANG_WARN_INT_CONVERSION = YES;
				CLANG_WARN_NON_LITERAL_NULL_CONVERSION = YES;
				CLANG_WARN_OBJC_IMPLICIT_RETAIN_SELF = YES;
				CLANG_WARN_OBJC_LITERAL_CONVERSION = YES;
				CLANG_WARN_OBJC_ROOT_CLASS = YES_ERROR;
				CLANG_WARN_QUOTED_INCLUDE_IN_FRAMEWORK_HEADER = YES;
				CLANG_WARN_RANGE_LOOP_ANALYSIS = YES;
				CLANG_WARN_STRICT_PROTOTYPES = YES;
				CLANG_WARN_SUSPICIOUS_MOVE = YES;
				CLANG_WARN_UNGUARDED_AVAILABILITY = YES_AGGRESSIVE;
				CLANG_WARN_UNREACHABLE_CODE = YES;
				CLANG_WARN__DUPLICATE_METHOD_MATCH = YES;
				COPY_PHASE_STRIP = NO;
				DEBUG_INFORMATION_FORMAT = "dwarf-with-dsym";
				ENABLE_NS_ASSERTIONS = NO;
				ENABLE_STRICT_OBJC_MSGSEND = YES;
				GCC_C_LANGUAGE_STANDARD = gnu11;
				GCC_NO_COMMON_BLOCKS = YES;
				GCC_WARN_64_TO_32_BIT_CONVERSION = YES;
				GCC_WARN_ABOUT_RETURN_TYPE = YES_ERROR;
				GCC_WARN_UNDECLARED_SELECTOR = YES;
				GCC_WARN_UNINITIALIZED_AUTOS = YES_AGGRESSIVE;
				GCC_WARN_UNUSED_FUNCTION = YES;
				GCC_WARN_UNUSED_VARIABLE = YES;
				IPHONEOS_DEPLOYMENT_TARGET = 16.0;
				MTL_ENABLE_DEBUG_INFO = NO;
				MTL_FAST_MATH = YES;
				SDKROOT = iphoneos;
				SWIFT_COMPILATION_MODE = wholemodule;
				SWIFT_OPTIMIZATION_LEVEL = "-O";
				VALIDATE_PRODUCT = YES;
			};
			name = Release;
		};
		59930CFE28FDBC8700AE3085 /* Debug */ = {
			isa = XCBuildConfiguration;
			buildSettings = {
				ASSETCATALOG_COMPILER_APPICON_NAME = AppIcon;
				ASSETCATALOG_COMPILER_GLOBAL_ACCENT_COLOR_NAME = AccentColor;
				CODE_SIGN_STYLE = Automatic;
				CURRENT_PROJECT_VERSION = 1;
				DEVELOPMENT_ASSET_PATHS = "\"MovieBrowserSwiftUI/Preview Content\"";
				DEVELOPMENT_TEAM = 7MX4PX2QH4;
				ENABLE_PREVIEWS = YES;
				GENERATE_INFOPLIST_FILE = YES;
				INFOPLIST_KEY_UIApplicationSceneManifest_Generation = YES;
				INFOPLIST_KEY_UIApplicationSupportsIndirectInputEvents = YES;
				INFOPLIST_KEY_UILaunchScreen_Generation = YES;
				INFOPLIST_KEY_UISupportedInterfaceOrientations_iPad = "UIInterfaceOrientationPortrait UIInterfaceOrientationPortraitUpsideDown UIInterfaceOrientationLandscapeLeft UIInterfaceOrientationLandscapeRight";
				INFOPLIST_KEY_UISupportedInterfaceOrientations_iPhone = "UIInterfaceOrientationPortrait UIInterfaceOrientationLandscapeLeft UIInterfaceOrientationLandscapeRight";
				LD_RUNPATH_SEARCH_PATHS = (
					"$(inherited)",
					"@executable_path/Frameworks",
				);
				MARKETING_VERSION = 1.0;
				PRODUCT_BUNDLE_IDENTIFIER = com.ReddyPriyatham.MovieBrowserSwiftUI;
				PRODUCT_NAME = "$(TARGET_NAME)";
				SWIFT_EMIT_LOC_STRINGS = YES;
				SWIFT_VERSION = 5.0;
				TARGETED_DEVICE_FAMILY = "1,2";
			};
			name = Debug;
		};
		59930CFF28FDBC8700AE3085 /* Release */ = {
			isa = XCBuildConfiguration;
			buildSettings = {
				ASSETCATALOG_COMPILER_APPICON_NAME = AppIcon;
				ASSETCATALOG_COMPILER_GLOBAL_ACCENT_COLOR_NAME = AccentColor;
				CODE_SIGN_STYLE = Automatic;
				CURRENT_PROJECT_VERSION = 1;
				DEVELOPMENT_ASSET_PATHS = "\"MovieBrowserSwiftUI/Preview Content\"";
				DEVELOPMENT_TEAM = 7MX4PX2QH4;
				ENABLE_PREVIEWS = YES;
				GENERATE_INFOPLIST_FILE = YES;
				INFOPLIST_KEY_UIApplicationSceneManifest_Generation = YES;
				INFOPLIST_KEY_UIApplicationSupportsIndirectInputEvents = YES;
				INFOPLIST_KEY_UILaunchScreen_Generation = YES;
				INFOPLIST_KEY_UISupportedInterfaceOrientations_iPad = "UIInterfaceOrientationPortrait UIInterfaceOrientationPortraitUpsideDown UIInterfaceOrientationLandscapeLeft UIInterfaceOrientationLandscapeRight";
				INFOPLIST_KEY_UISupportedInterfaceOrientations_iPhone = "UIInterfaceOrientationPortrait UIInterfaceOrientationLandscapeLeft UIInterfaceOrientationLandscapeRight";
				LD_RUNPATH_SEARCH_PATHS = (
					"$(inherited)",
					"@executable_path/Frameworks",
				);
				MARKETING_VERSION = 1.0;
				PRODUCT_BUNDLE_IDENTIFIER = com.ReddyPriyatham.MovieBrowserSwiftUI;
				PRODUCT_NAME = "$(TARGET_NAME)";
				SWIFT_EMIT_LOC_STRINGS = YES;
				SWIFT_VERSION = 5.0;
				TARGETED_DEVICE_FAMILY = "1,2";
			};
			name = Release;
		};
/* End XCBuildConfiguration section */

/* Begin XCConfigurationList section */
		59930CEA28FDBC8600AE3085 /* Build configuration list for PBXProject "MovieBrowserSwiftUI" */ = {
			isa = XCConfigurationList;
			buildConfigurations = (
				59930CFB28FDBC8700AE3085 /* Debug */,
				59930CFC28FDBC8700AE3085 /* Release */,
			);
			defaultConfigurationIsVisible = 0;
			defaultConfigurationName = Release;
		};
		59930CFD28FDBC8700AE3085 /* Build configuration list for PBXNativeTarget "MovieBrowserSwiftUI" */ = {
			isa = XCConfigurationList;
			buildConfigurations = (
				59930CFE28FDBC8700AE3085 /* Debug */,
				59930CFF28FDBC8700AE3085 /* Release */,
			);
			defaultConfigurationIsVisible = 0;
			defaultConfigurationName = Release;
		};
/* End XCConfigurationList section */
	};
	rootObject = 59930CE728FDBC8600AE3085 /* Project object */;
}
