// !$*UTF8*$!
{
	archiveVersion = 1;
	classes = {
	};
	objectVersion = 50;
	objects = {

/* Begin PBXBuildFile section */
		59798EAF26A8F75000418AEB /* AppDelegate.swift in Sources */ = {isa = PBXBuildFile; fileRef = 59798EAE26A8F75000418AEB /* AppDelegate.swift */; };
		59798EB126A8F75000418AEB /* SceneDelegate.swift in Sources */ = {isa = PBXBuildFile; fileRef = 59798EB026A8F75000418AEB /* SceneDelegate.swift */; };
		59798EB326A8F75000418AEB /* ViewController.swift in Sources */ = {isa = PBXBuildFile; fileRef = 59798EB226A8F75000418AEB /* ViewController.swift */; };
		59798EB626A8F75000418AEB /* Main.storyboard in Resources */ = {isa = PBXBuildFile; fileRef = 59798EB426A8F75000418AEB /* Main.storyboard */; };
		59798EB826A8F75100418AEB /* Assets.xcassets in Resources */ = {isa = PBXBuildFile; fileRef = 59798EB726A8F75100418AEB /* Assets.xcassets */; };
		59798EBB26A8F75100418AEB /* LaunchScreen.storyboard in Resources */ = {isa = PBXBuildFile; fileRef = 59798EB926A8F75100418AEB /* LaunchScreen.storyboard */; };
		59798EC626A8F75100418AEB /* FirstTests.swift in Sources */ = {isa = PBXBuildFile; fileRef = 59798EC526A8F75100418AEB /* FirstTests.swift */; };
		59798ED126A8F75100418AEB /* FirstUITests.swift in Sources */ = {isa = PBXBuildFile; fileRef = 59798ED026A8F75100418AEB /* FirstUITests.swift */; };
		59798EE226A8F79800418AEB /* Hater.swift in Sources */ = {isa = PBXBuildFile; fileRef = 59798EE126A8F79800418AEB /* Hater.swift */; };
/* End PBXBuildFile section */

/* Begin PBXContainerItemProxy section */
		59798EC226A8F75100418AEB /* PBXContainerItemProxy */ = {
			isa = PBXContainerItemProxy;
			containerPortal = 59798EA326A8F75000418AEB /* Project object */;
			proxyType = 1;
			remoteGlobalIDString = 59798EAA26A8F75000418AEB;
			remoteInfo = First;
		};
		59798ECD26A8F75100418AEB /* PBXContainerItemProxy */ = {
			isa = PBXContainerItemProxy;
			containerPortal = 59798EA326A8F75000418AEB /* Project object */;
			proxyType = 1;
			remoteGlobalIDString = 59798EAA26A8F75000418AEB;
			remoteInfo = First;
		};
/* End PBXContainerItemProxy section */

/* Begin PBXFileReference section */
		59798EAB26A8F75000418AEB /* First.app */ = {isa = PBXFileReference; explicitFileType = wrapper.application; includeInIndex = 0; path = First.app; sourceTree = BUILT_PRODUCTS_DIR; };
		59798EAE26A8F75000418AEB /* AppDelegate.swift */ = {isa = PBXFileReference; lastKnownFileType = sourcecode.swift; path = AppDelegate.swift; sourceTree = "<group>"; };
		59798EB026A8F75000418AEB /* SceneDelegate.swift */ = {isa = PBXFileReference; lastKnownFileType = sourcecode.swift; path = SceneDelegate.swift; sourceTree = "<group>"; };
		59798EB226A8F75000418AEB /* ViewController.swift */ = {isa = PBXFileReference; lastKnownFileType = sourcecode.swift; path = ViewController.swift; sourceTree = "<group>"; };
		59798EB526A8F75000418AEB /* Base */ = {isa = PBXFileReference; lastKnownFileType = file.storyboard; name = Base; path = Base.lproj/Main.storyboard; sourceTree = "<group>"; };
		59798EB726A8F75100418AEB /* Assets.xcassets */ = {isa = PBXFileReference; lastKnownFileType = folder.assetcatalog; path = Assets.xcassets; sourceTree = "<group>"; };
		59798EBA26A8F75100418AEB /* Base */ = {isa = PBXFileReference; lastKnownFileType = file.storyboard; name = Base; path = Base.lproj/LaunchScreen.storyboard; sourceTree = "<group>"; };
		59798EBC26A8F75100418AEB /* Info.plist */ = {isa = PBXFileReference; lastKnownFileType = text.plist.xml; path = Info.plist; sourceTree = "<group>"; };
		59798EC126A8F75100418AEB /* FirstTests.xctest */ = {isa = PBXFileReference; explicitFileType = wrapper.cfbundle; includeInIndex = 0; path = FirstTests.xctest; sourceTree = BUILT_PRODUCTS_DIR; };
		59798EC526A8F75100418AEB /* FirstTests.swift */ = {isa = PBXFileReference; lastKnownFileType = sourcecode.swift; path = FirstTests.swift; sourceTree = "<group>"; };
		59798EC726A8F75100418AEB /* Info.plist */ = {isa = PBXFileReference; lastKnownFileType = text.plist.xml; path = Info.plist; sourceTree = "<group>"; };
		59798ECC26A8F75100418AEB /* FirstUITests.xctest */ = {isa = PBXFileReference; explicitFileType = wrapper.cfbundle; includeInIndex = 0; path = FirstUITests.xctest; sourceTree = BUILT_PRODUCTS_DIR; };
		59798ED026A8F75100418AEB /* FirstUITests.swift */ = {isa = PBXFileReference; lastKnownFileType = sourcecode.swift; path = FirstUITests.swift; sourceTree = "<group>"; };
		59798ED226A8F75100418AEB /* Info.plist */ = {isa = PBXFileReference; lastKnownFileType = text.plist.xml; path = Info.plist; sourceTree = "<group>"; };
		59798EE126A8F79800418AEB /* Hater.swift */ = {isa = PBXFileReference; lastKnownFileType = sourcecode.swift; path = Hater.swift; sourceTree = "<group>"; };
/* End PBXFileReference section */

/* Begin PBXFrameworksBuildPhase section */
		59798EA826A8F75000418AEB /* Frameworks */ = {
			isa = PBXFrameworksBuildPhase;
			buildActionMask = 2147483647;
			files = (
			);
			runOnlyForDeploymentPostprocessing = 0;
		};
		59798EBE26A8F75100418AEB /* Frameworks */ = {
			isa = PBXFrameworksBuildPhase;
			buildActionMask = 2147483647;
			files = (
			);
			runOnlyForDeploymentPostprocessing = 0;
		};
		59798EC926A8F75100418AEB /* Frameworks */ = {
			isa = PBXFrameworksBuildPhase;
			buildActionMask = 2147483647;
			files = (
			);
			runOnlyForDeploymentPostprocessing = 0;
		};
/* End PBXFrameworksBuildPhase section */

/* Begin PBXGroup section */
		59798EA226A8F75000418AEB = {
			isa = PBXGroup;
			children = (
				59798EE126A8F79800418AEB /* Hater.swift */,
				59798EAD26A8F75000418AEB /* First */,
				59798EC426A8F75100418AEB /* FirstTests */,
				59798ECF26A8F75100418AEB /* FirstUITests */,
				59798EAC26A8F75000418AEB /* Products */,
			);
			sourceTree = "<group>";
		};
		59798EAC26A8F75000418AEB /* Products */ = {
			isa = PBXGroup;
			children = (
				59798EAB26A8F75000418AEB /* First.app */,
				59798EC126A8F75100418AEB /* FirstTests.xctest */,
				59798ECC26A8F75100418AEB /* FirstUITests.xctest */,
			);
			name = Products;
			sourceTree = "<group>";
		};
		59798EAD26A8F75000418AEB /* First */ = {
			isa = PBXGroup;
			children = (
				59798EAE26A8F75000418AEB /* AppDelegate.swift */,
				59798EB026A8F75000418AEB /* SceneDelegate.swift */,
				59798EB226A8F75000418AEB /* ViewController.swift */,
				59798EB426A8F75000418AEB /* Main.storyboard */,
				59798EB726A8F75100418AEB /* Assets.xcassets */,
				59798EB926A8F75100418AEB /* LaunchScreen.storyboard */,
				59798EBC26A8F75100418AEB /* Info.plist */,
			);
			path = First;
			sourceTree = "<group>";
		};
		59798EC426A8F75100418AEB /* FirstTests */ = {
			isa = PBXGroup;
			children = (
				59798EC526A8F75100418AEB /* FirstTests.swift */,
				59798EC726A8F75100418AEB /* Info.plist */,
			);
			path = FirstTests;
			sourceTree = "<group>";
		};
		59798ECF26A8F75100418AEB /* FirstUITests */ = {
			isa = PBXGroup;
			children = (
				59798ED026A8F75100418AEB /* FirstUITests.swift */,
				59798ED226A8F75100418AEB /* Info.plist */,
			);
			path = FirstUITests;
			sourceTree = "<group>";
		};
/* End PBXGroup section */

/* Begin PBXNativeTarget section */
		59798EAA26A8F75000418AEB /* First */ = {
			isa = PBXNativeTarget;
			buildConfigurationList = 59798ED526A8F75100418AEB /* Build configuration list for PBXNativeTarget "First" */;
			buildPhases = (
				59798EA726A8F75000418AEB /* Sources */,
				59798EA826A8F75000418AEB /* Frameworks */,
				59798EA926A8F75000418AEB /* Resources */,
			);
			buildRules = (
			);
			dependencies = (
			);
			name = First;
			productName = First;
			productReference = 59798EAB26A8F75000418AEB /* First.app */;
			productType = "com.apple.product-type.application";
		};
		59798EC026A8F75100418AEB /* FirstTests */ = {
			isa = PBXNativeTarget;
			buildConfigurationList = 59798ED826A8F75100418AEB /* Build configuration list for PBXNativeTarget "FirstTests" */;
			buildPhases = (
				59798EBD26A8F75100418AEB /* Sources */,
				59798EBE26A8F75100418AEB /* Frameworks */,
				59798EBF26A8F75100418AEB /* Resources */,
			);
			buildRules = (
			);
			dependencies = (
				59798EC326A8F75100418AEB /* PBXTargetDependency */,
			);
			name = FirstTests;
			productName = FirstTests;
			productReference = 59798EC126A8F75100418AEB /* FirstTests.xctest */;
			productType = "com.apple.product-type.bundle.unit-test";
		};
		59798ECB26A8F75100418AEB /* FirstUITests */ = {
			isa = PBXNativeTarget;
			buildConfigurationList = 59798EDB26A8F75100418AEB /* Build configuration list for PBXNativeTarget "FirstUITests" */;
			buildPhases = (
				59798EC826A8F75100418AEB /* Sources */,
				59798EC926A8F75100418AEB /* Frameworks */,
				59798ECA26A8F75100418AEB /* Resources */,
			);
			buildRules = (
			);
			dependencies = (
				59798ECE26A8F75100418AEB /* PBXTargetDependency */,
			);
			name = FirstUITests;
			productName = FirstUITests;
			productReference = 59798ECC26A8F75100418AEB /* FirstUITests.xctest */;
			productType = "com.apple.product-type.bundle.ui-testing";
		};
/* End PBXNativeTarget section */

/* Begin PBXProject section */
		59798EA326A8F75000418AEB /* Project object */ = {
			isa = PBXProject;
			attributes = {
				LastSwiftUpdateCheck = 1200;
				LastUpgradeCheck = 1200;
				TargetAttributes = {
					59798EAA26A8F75000418AEB = {
						CreatedOnToolsVersion = 12.0;
					};
					59798EC026A8F75100418AEB = {
						CreatedOnToolsVersion = 12.0;
						TestTargetID = 59798EAA26A8F75000418AEB;
					};
					59798ECB26A8F75100418AEB = {
						CreatedOnToolsVersion = 12.0;
						TestTargetID = 59798EAA26A8F75000418AEB;
					};
				};
			};
			buildConfigurationList = 59798EA626A8F75000418AEB /* Build configuration list for PBXProject "First" */;
			compatibilityVersion = "Xcode 9.3";
			developmentRegion = en;
			hasScannedForEncodings = 0;
			knownRegions = (
				en,
				Base,
			);
			mainGroup = 59798EA226A8F75000418AEB;
			productRefGroup = 59798EAC26A8F75000418AEB /* Products */;
			projectDirPath = "";
			projectRoot = "";
			targets = (
				59798EAA26A8F75000418AEB /* First */,
				59798EC026A8F75100418AEB /* FirstTests */,
				59798ECB26A8F75100418AEB /* FirstUITests */,
			);
		};
/* End PBXProject section */

/* Begin PBXResourcesBuildPhase section */
		59798EA926A8F75000418AEB /* Resources */ = {
			isa = PBXResourcesBuildPhase;
			buildActionMask = 2147483647;
			files = (
				59798EBB26A8F75100418AEB /* LaunchScreen.storyboard in Resources */,
				59798EB826A8F75100418AEB /* Assets.xcassets in Resources */,
				59798EB626A8F75000418AEB /* Main.storyboard in Resources */,
			);
			runOnlyForDeploymentPostprocessing = 0;
		};
		59798EBF26A8F75100418AEB /* Resources */ = {
			isa = PBXResourcesBuildPhase;
			buildActionMask = 2147483647;
			files = (
			);
			runOnlyForDeploymentPostprocessing = 0;
		};
		59798ECA26A8F75100418AEB /* Resources */ = {
			isa = PBXResourcesBuildPhase;
			buildActionMask = 2147483647;
			files = (
			);
			runOnlyForDeploymentPostprocessing = 0;
		};
/* End PBXResourcesBuildPhase section */

/* Begin PBXSourcesBuildPhase section */
		59798EA726A8F75000418AEB /* Sources */ = {
			isa = PBXSourcesBuildPhase;
			buildActionMask = 2147483647;
			files = (
				59798EB326A8F75000418AEB /* ViewController.swift in Sources */,
				59798EAF26A8F75000418AEB /* AppDelegate.swift in Sources */,
				59798EE226A8F79800418AEB /* Hater.swift in Sources */,
				59798EB126A8F75000418AEB /* SceneDelegate.swift in Sources */,
			);
			runOnlyForDeploymentPostprocessing = 0;
		};
		59798EBD26A8F75100418AEB /* Sources */ = {
			isa = PBXSourcesBuildPhase;
			buildActionMask = 2147483647;
			files = (
				59798EC626A8F75100418AEB /* FirstTests.swift in Sources */,
			);
			runOnlyForDeploymentPostprocessing = 0;
		};
		59798EC826A8F75100418AEB /* Sources */ = {
			isa = PBXSourcesBuildPhase;
			buildActionMask = 2147483647;
			files = (
				59798ED126A8F75100418AEB /* FirstUITests.swift in Sources */,
			);
			runOnlyForDeploymentPostprocessing = 0;
		};
/* End PBXSourcesBuildPhase section */

/* Begin PBXTargetDependency section */
		59798EC326A8F75100418AEB /* PBXTargetDependency */ = {
			isa = PBXTargetDependency;
			target = 59798EAA26A8F75000418AEB /* First */;
			targetProxy = 59798EC226A8F75100418AEB /* PBXContainerItemProxy */;
		};
		59798ECE26A8F75100418AEB /* PBXTargetDependency */ = {
			isa = PBXTargetDependency;
			target = 59798EAA26A8F75000418AEB /* First */;
			targetProxy = 59798ECD26A8F75100418AEB /* PBXContainerItemProxy */;
		};
/* End PBXTargetDependency section */

/* Begin PBXVariantGroup section */
		59798EB426A8F75000418AEB /* Main.storyboard */ = {
			isa = PBXVariantGroup;
			children = (
				59798EB526A8F75000418AEB /* Base */,
			);
			name = Main.storyboard;
			sourceTree = "<group>";
		};
		59798EB926A8F75100418AEB /* LaunchScreen.storyboard */ = {
			isa = PBXVariantGroup;
			children = (
				59798EBA26A8F75100418AEB /* Base */,
			);
			name = LaunchScreen.storyboard;
			sourceTree = "<group>";
		};
/* End PBXVariantGroup section */

/* Begin XCBuildConfiguration section */
		59798ED326A8F75100418AEB /* Debug */ = {
			isa = XCBuildConfiguration;
			buildSettings = {
				ALWAYS_SEARCH_USER_PATHS = NO;
				CLANG_ANALYZER_NONNULL = YES;
				CLANG_ANALYZER_NUMBER_OBJECT_CONVERSION = YES_AGGRESSIVE;
				CLANG_CXX_LANGUAGE_STANDARD = "gnu++14";
				CLANG_CXX_LIBRARY = "libc++";
				CLANG_ENABLE_MODULES = YES;
				CLANG_ENABLE_OBJC_ARC = YES;
				CLANG_ENABLE_OBJC_WEAK = YES;
				CLANG_WARN_BLOCK_CAPTURE_AUTORELEASING = YES;
				CLANG_WARN_BOOL_CONVERSION = YES;
				CLANG_WARN_COMMA = YES;
				CLANG_WARN_CONSTANT_CONVERSION = YES;
				CLANG_WARN_DEPRECATED_OBJC_IMPLEMENTATIONS = YES;
				CLANG_WARN_DIRECT_OBJC_ISA_USAGE = YES_ERROR;
				CLANG_WARN_DOCUMENTATION_COMMENTS = YES;
				CLANG_WARN_EMPTY_BODY = YES;
				CLANG_WARN_ENUM_CONVERSION = YES;
				CLANG_WARN_INFINITE_RECURSION = YES;
				CLANG_WARN_INT_CONVERSION = YES;
				CLANG_WARN_NON_LITERAL_NULL_CONVERSION = YES;
				CLANG_WARN_OBJC_IMPLICIT_RETAIN_SELF = YES;
				CLANG_WARN_OBJC_LITERAL_CONVERSION = YES;
				CLANG_WARN_OBJC_ROOT_CLASS = YES_ERROR;
				CLANG_WARN_QUOTED_INCLUDE_IN_FRAMEWORK_HEADER = YES;
				CLANG_WARN_RANGE_LOOP_ANALYSIS = YES;
				CLANG_WARN_STRICT_PROTOTYPES = YES;
				CLANG_WARN_SUSPICIOUS_MOVE = YES;
				CLANG_WARN_UNGUARDED_AVAILABILITY = YES_AGGRESSIVE;
				CLANG_WARN_UNREACHABLE_CODE = YES;
				CLANG_WARN__DUPLICATE_METHOD_MATCH = YES;
				COPY_PHASE_STRIP = NO;
				DEBUG_INFORMATION_FORMAT = dwarf;
				ENABLE_STRICT_OBJC_MSGSEND = YES;
				ENABLE_TESTABILITY = YES;
				GCC_C_LANGUAGE_STANDARD = gnu11;
				GCC_DYNAMIC_NO_PIC = NO;
				GCC_NO_COMMON_BLOCKS = YES;
				GCC_OPTIMIZATION_LEVEL = 0;
				GCC_PREPROCESSOR_DEFINITIONS = (
					"DEBUG=1",
					"$(inherited)",
				);
				GCC_WARN_64_TO_32_BIT_CONVERSION = YES;
				GCC_WARN_ABOUT_RETURN_TYPE = YES_ERROR;
				GCC_WARN_UNDECLARED_SELECTOR = YES;
				GCC_WARN_UNINITIALIZED_AUTOS = YES_AGGRESSIVE;
				GCC_WARN_UNUSED_FUNCTION = YES;
				GCC_WARN_UNUSED_VARIABLE = YES;
				IPHONEOS_DEPLOYMENT_TARGET = 14.0;
				MTL_ENABLE_DEBUG_INFO = INCLUDE_SOURCE;
				MTL_FAST_MATH = YES;
				ONLY_ACTIVE_ARCH = YES;
				SDKROOT = iphoneos;
				SWIFT_ACTIVE_COMPILATION_CONDITIONS = DEBUG;
				SWIFT_OPTIMIZATION_LEVEL = "-Onone";
			};
			name = Debug;
		};
		59798ED426A8F75100418AEB /* Release */ = {
			isa = XCBuildConfiguration;
			buildSettings = {
				ALWAYS_SEARCH_USER_PATHS = NO;
				CLANG_ANALYZER_NONNULL = YES;
				CLANG_ANALYZER_NUMBER_OBJECT_CONVERSION = YES_AGGRESSIVE;
				CLANG_CXX_LANGUAGE_STANDARD = "gnu++14";
				CLANG_CXX_LIBRARY = "libc++";
				CLANG_ENABLE_MODULES = YES;
				CLANG_ENABLE_OBJC_ARC = YES;
				CLANG_ENABLE_OBJC_WEAK = YES;
				CLANG_WARN_BLOCK_CAPTURE_AUTORELEASING = YES;
				CLANG_WARN_BOOL_CONVERSION = YES;
				CLANG_WARN_COMMA = YES;
				CLANG_WARN_CONSTANT_CONVERSION = YES;
				CLANG_WARN_DEPRECATED_OBJC_IMPLEMENTATIONS = YES;
				CLANG_WARN_DIRECT_OBJC_ISA_USAGE = YES_ERROR;
				CLANG_WARN_DOCUMENTATION_COMMENTS = YES;
				CLANG_WARN_EMPTY_BODY = YES;
				CLANG_WARN_ENUM_CONVERSION = YES;
				CLANG_WARN_INFINITE_RECURSION = YES;
				CLANG_WARN_INT_CONVERSION = YES;
				CLANG_WARN_NON_LITERAL_NULL_CONVERSION = YES;
				CLANG_WARN_OBJC_IMPLICIT_RETAIN_SELF = YES;
				CLANG_WARN_OBJC_LITERAL_CONVERSION = YES;
				CLANG_WARN_OBJC_ROOT_CLASS = YES_ERROR;
				CLANG_WARN_QUOTED_INCLUDE_IN_FRAMEWORK_HEADER = YES;
				CLANG_WARN_RANGE_LOOP_ANALYSIS = YES;
				CLANG_WARN_STRICT_PROTOTYPES = YES;
				CLANG_WARN_SUSPICIOUS_MOVE = YES;
				CLANG_WARN_UNGUARDED_AVAILABILITY = YES_AGGRESSIVE;
				CLANG_WARN_UNREACHABLE_CODE = YES;
				CLANG_WARN__DUPLICATE_METHOD_MATCH = YES;
				COPY_PHASE_STRIP = NO;
				DEBUG_INFORMATION_FORMAT = "dwarf-with-dsym";
				ENABLE_NS_ASSERTIONS = NO;
				ENABLE_STRICT_OBJC_MSGSEND = YES;
				GCC_C_LANGUAGE_STANDARD = gnu11;
				GCC_NO_COMMON_BLOCKS = YES;
				GCC_WARN_64_TO_32_BIT_CONVERSION = YES;
				GCC_WARN_ABOUT_RETURN_TYPE = YES_ERROR;
				GCC_WARN_UNDECLARED_SELECTOR = YES;
				GCC_WARN_UNINITIALIZED_AUTOS = YES_AGGRESSIVE;
				GCC_WARN_UNUSED_FUNCTION = YES;
				GCC_WARN_UNUSED_VARIABLE = YES;
				IPHONEOS_DEPLOYMENT_TARGET = 14.0;
				MTL_ENABLE_DEBUG_INFO = NO;
				MTL_FAST_MATH = YES;
				SDKROOT = iphoneos;
				SWIFT_COMPILATION_MODE = wholemodule;
				SWIFT_OPTIMIZATION_LEVEL = "-O";
				VALIDATE_PRODUCT = YES;
			};
			name = Release;
		};
		59798ED626A8F75100418AEB /* Debug */ = {
			isa = XCBuildConfiguration;
			buildSettings = {
				ASSETCATALOG_COMPILER_APPICON_NAME = AppIcon;
				ASSETCATALOG_COMPILER_GLOBAL_ACCENT_COLOR_NAME = AccentColor;
				CODE_SIGN_STYLE = Automatic;
				DEVELOPMENT_TEAM = 7MX4PX2QH4;
				INFOPLIST_FILE = First/Info.plist;
				LD_RUNPATH_SEARCH_PATHS = (
					"$(inherited)",
					"@executable_path/Frameworks",
				);
				PRODUCT_BUNDLE_IDENTIFIER = com.priyathamReddy.First;
				PRODUCT_NAME = "$(TARGET_NAME)";
				SWIFT_VERSION = 5.0;
				TARGETED_DEVICE_FAMILY = "1,2";
			};
			name = Debug;
		};
		59798ED726A8F75100418AEB /* Release */ = {
			isa = XCBuildConfiguration;
			buildSettings = {
				ASSETCATALOG_COMPILER_APPICON_NAME = AppIcon;
				ASSETCATALOG_COMPILER_GLOBAL_ACCENT_COLOR_NAME = AccentColor;
				CODE_SIGN_STYLE = Automatic;
				DEVELOPMENT_TEAM = 7MX4PX2QH4;
				INFOPLIST_FILE = First/Info.plist;
				LD_RUNPATH_SEARCH_PATHS = (
					"$(inherited)",
					"@executable_path/Frameworks",
				);
				PRODUCT_BUNDLE_IDENTIFIER = com.priyathamReddy.First;
				PRODUCT_NAME = "$(TARGET_NAME)";
				SWIFT_VERSION = 5.0;
				TARGETED_DEVICE_FAMILY = "1,2";
			};
			name = Release;
		};
		59798ED926A8F75100418AEB /* Debug */ = {
			isa = XCBuildConfiguration;
			buildSettings = {
				ALWAYS_EMBED_SWIFT_STANDARD_LIBRARIES = YES;
				BUNDLE_LOADER = "$(TEST_HOST)";
				CODE_SIGN_STYLE = Automatic;
				DEVELOPMENT_TEAM = 7MX4PX2QH4;
				INFOPLIST_FILE = FirstTests/Info.plist;
				IPHONEOS_DEPLOYMENT_TARGET = 14.0;
				LD_RUNPATH_SEARCH_PATHS = (
					"$(inherited)",
					"@executable_path/Frameworks",
					"@loader_path/Frameworks",
				);
				PRODUCT_BUNDLE_IDENTIFIER = com.priyathamReddy.FirstTests;
				PRODUCT_NAME = "$(TARGET_NAME)";
				SWIFT_VERSION = 5.0;
				TARGETED_DEVICE_FAMILY = "1,2";
				TEST_HOST = "$(BUILT_PRODUCTS_DIR)/First.app/First";
			};
			name = Debug;
		};
		59798EDA26A8F75100418AEB /* Release */ = {
			isa = XCBuildConfiguration;
			buildSettings = {
				ALWAYS_EMBED_SWIFT_STANDARD_LIBRARIES = YES;
				BUNDLE_LOADER = "$(TEST_HOST)";
				CODE_SIGN_STYLE = Automatic;
				DEVELOPMENT_TEAM = 7MX4PX2QH4;
				INFOPLIST_FILE = FirstTests/Info.plist;
				IPHONEOS_DEPLOYMENT_TARGET = 14.0;
				LD_RUNPATH_SEARCH_PATHS = (
					"$(inherited)",
					"@executable_path/Frameworks",
					"@loader_path/Frameworks",
				);
				PRODUCT_BUNDLE_IDENTIFIER = com.priyathamReddy.FirstTests;
				PRODUCT_NAME = "$(TARGET_NAME)";
				SWIFT_VERSION = 5.0;
				TARGETED_DEVICE_FAMILY = "1,2";
				TEST_HOST = "$(BUILT_PRODUCTS_DIR)/First.app/First";
			};
			name = Release;
		};
		59798EDC26A8F75100418AEB /* Debug */ = {
			isa = XCBuildConfiguration;
			buildSettings = {
				ALWAYS_EMBED_SWIFT_STANDARD_LIBRARIES = YES;
				CODE_SIGN_STYLE = Automatic;
				DEVELOPMENT_TEAM = 7MX4PX2QH4;
				INFOPLIST_FILE = FirstUITests/Info.plist;
				LD_RUNPATH_SEARCH_PATHS = (
					"$(inherited)",
					"@executable_path/Frameworks",
					"@loader_path/Frameworks",
				);
				PRODUCT_BUNDLE_IDENTIFIER = com.priyathamReddy.FirstUITests;
				PRODUCT_NAME = "$(TARGET_NAME)";
				SWIFT_VERSION = 5.0;
				TARGETED_DEVICE_FAMILY = "1,2";
				TEST_TARGET_NAME = First;
			};
			name = Debug;
		};
		59798EDD26A8F75100418AEB /* Release */ = {
			isa = XCBuildConfiguration;
			buildSettings = {
				ALWAYS_EMBED_SWIFT_STANDARD_LIBRARIES = YES;
				CODE_SIGN_STYLE = Automatic;
				DEVELOPMENT_TEAM = 7MX4PX2QH4;
				INFOPLIST_FILE = FirstUITests/Info.plist;
				LD_RUNPATH_SEARCH_PATHS = (
					"$(inherited)",
					"@executable_path/Frameworks",
					"@loader_path/Frameworks",
				);
				PRODUCT_BUNDLE_IDENTIFIER = com.priyathamReddy.FirstUITests;
				PRODUCT_NAME = "$(TARGET_NAME)";
				SWIFT_VERSION = 5.0;
				TARGETED_DEVICE_FAMILY = "1,2";
				TEST_TARGET_NAME = First;
			};
			name = Release;
		};
/* End XCBuildConfiguration section */

/* Begin XCConfigurationList section */
		59798EA626A8F75000418AEB /* Build configuration list for PBXProject "First" */ = {
			isa = XCConfigurationList;
			buildConfigurations = (
				59798ED326A8F75100418AEB /* Debug */,
				59798ED426A8F75100418AEB /* Release */,
			);
			defaultConfigurationIsVisible = 0;
			defaultConfigurationName = Release;
		};
		59798ED526A8F75100418AEB /* Build configuration list for PBXNativeTarget "First" */ = {
			isa = XCConfigurationList;
			buildConfigurations = (
				59798ED626A8F75100418AEB /* Debug */,
				59798ED726A8F75100418AEB /* Release */,
			);
			defaultConfigurationIsVisible = 0;
			defaultConfigurationName = Release;
		};
		59798ED826A8F75100418AEB /* Build configuration list for PBXNativeTarget "FirstTests" */ = {
			isa = XCConfigurationList;
			buildConfigurations = (
				59798ED926A8F75100418AEB /* Debug */,
				59798EDA26A8F75100418AEB /* Release */,
			);
			defaultConfigurationIsVisible = 0;
			defaultConfigurationName = Release;
		};
		59798EDB26A8F75100418AEB /* Build configuration list for PBXNativeTarget "FirstUITests" */ = {
			isa = XCConfigurationList;
			buildConfigurations = (
				59798EDC26A8F75100418AEB /* Debug */,
				59798EDD26A8F75100418AEB /* Release */,
			);
			defaultConfigurationIsVisible = 0;
			defaultConfigurationName = Release;
		};
/* End XCConfigurationList section */
	};
	rootObject = 59798EA326A8F75000418AEB /* Project object */;
}
